// !$*UTF8*$!
{
	archiveVersion = 1;
	classes = {
	};
	objectVersion = 51;
	objects = {

/* Begin PBXBuildFile section */
		330227652503B15600D21710 /* CategoryPostCell.swift in Sources */ = {isa = PBXBuildFile; fileRef = 330227642503B15600D21710 /* CategoryPostCell.swift */; };
		330227672503B1B700D21710 /* BlogPostCell.swift in Sources */ = {isa = PBXBuildFile; fileRef = 330227662503B1B700D21710 /* BlogPostCell.swift */; };
		330974FF2503854500C502BB /* Extensions.swift in Sources */ = {isa = PBXBuildFile; fileRef = 330974FE2503854500C502BB /* Extensions.swift */; };
		33558B92250267D5003C4C99 /* AppDelegate.swift in Sources */ = {isa = PBXBuildFile; fileRef = 33558B91250267D5003C4C99 /* AppDelegate.swift */; };
		33558B94250267D5003C4C99 /* SceneDelegate.swift in Sources */ = {isa = PBXBuildFile; fileRef = 33558B93250267D5003C4C99 /* SceneDelegate.swift */; };
		33558B96250267D5003C4C99 /* ViewController.swift in Sources */ = {isa = PBXBuildFile; fileRef = 33558B95250267D5003C4C99 /* ViewController.swift */; };
		33558B99250267D5003C4C99 /* Main.storyboard in Resources */ = {isa = PBXBuildFile; fileRef = 33558B97250267D5003C4C99 /* Main.storyboard */; };
		33558B9C250267D5003C4C99 /* armutProject.xcdatamodeld in Sources */ = {isa = PBXBuildFile; fileRef = 33558B9A250267D5003C4C99 /* armutProject.xcdatamodeld */; };
		33558B9E250267D6003C4C99 /* Assets.xcassets in Resources */ = {isa = PBXBuildFile; fileRef = 33558B9D250267D6003C4C99 /* Assets.xcassets */; };
		33558BA1250267D6003C4C99 /* LaunchScreen.storyboard in Resources */ = {isa = PBXBuildFile; fileRef = 33558B9F250267D6003C4C99 /* LaunchScreen.storyboard */; };
		33633BBB250397BE006A76D9 /* TrendingModal.swift in Sources */ = {isa = PBXBuildFile; fileRef = 33633BBA250397BE006A76D9 /* TrendingModal.swift */; };
		33633BBD250397EC006A76D9 /* TrendingPostCell.swift in Sources */ = {isa = PBXBuildFile; fileRef = 33633BBC250397EC006A76D9 /* TrendingPostCell.swift */; };
		338F0F6A25026F640069E4DB /* PostService.swift in Sources */ = {isa = PBXBuildFile; fileRef = 338F0F6925026F640069E4DB /* PostService.swift */; };
		338F0F6C250279D20069E4DB /* FeedController.swift in Sources */ = {isa = PBXBuildFile; fileRef = 338F0F6B250279D20069E4DB /* FeedController.swift */; };
		338F0F6F2502B1F10069E4DB /* MainTabController.swift in Sources */ = {isa = PBXBuildFile; fileRef = 338F0F6E2502B1F10069E4DB /* MainTabController.swift */; };
		338F0F712502B5070069E4DB /* JobsController.swift in Sources */ = {isa = PBXBuildFile; fileRef = 338F0F702502B5070069E4DB /* JobsController.swift */; };
		338F0F732502B54B0069E4DB /* NotificationsController.swift in Sources */ = {isa = PBXBuildFile; fileRef = 338F0F722502B54B0069E4DB /* NotificationsController.swift */; };
		338F0F752502B55B0069E4DB /* ProfileController.swift in Sources */ = {isa = PBXBuildFile; fileRef = 338F0F742502B55B0069E4DB /* ProfileController.swift */; };
		338F0F772502C0070069E4DB /* PostController.swift in Sources */ = {isa = PBXBuildFile; fileRef = 338F0F762502C0070069E4DB /* PostController.swift */; };
		33FD91922505776600F6D5E9 /* PostModal.swift in Sources */ = {isa = PBXBuildFile; fileRef = 33FD91912505776600F6D5E9 /* PostModal.swift */; };
		BAE17E60495E9DCD93FE2D76 /* Pods_armutProject.framework in Frameworks */ = {isa = PBXBuildFile; fileRef = 9BFEDE98BB684F6827594468 /* Pods_armutProject.framework */; };
/* End PBXBuildFile section */

/* Begin PBXFileReference section */
		14D907798B94694E209F1E11 /* Pods-armutProject.release.xcconfig */ = {isa = PBXFileReference; includeInIndex = 1; lastKnownFileType = text.xcconfig; name = "Pods-armutProject.release.xcconfig"; path = "Target Support Files/Pods-armutProject/Pods-armutProject.release.xcconfig"; sourceTree = "<group>"; };
		330227642503B15600D21710 /* CategoryPostCell.swift */ = {isa = PBXFileReference; lastKnownFileType = sourcecode.swift; path = CategoryPostCell.swift; sourceTree = "<group>"; };
		330227662503B1B700D21710 /* BlogPostCell.swift */ = {isa = PBXFileReference; lastKnownFileType = sourcecode.swift; path = BlogPostCell.swift; sourceTree = "<group>"; };
		330974FE2503854500C502BB /* Extensions.swift */ = {isa = PBXFileReference; lastKnownFileType = sourcecode.swift; path = Extensions.swift; sourceTree = "<group>"; };
		33558B8E250267D5003C4C99 /* armutProject.app */ = {isa = PBXFileReference; explicitFileType = wrapper.application; includeInIndex = 0; path = armutProject.app; sourceTree = BUILT_PRODUCTS_DIR; };
		33558B91250267D5003C4C99 /* AppDelegate.swift */ = {isa = PBXFileReference; lastKnownFileType = sourcecode.swift; path = AppDelegate.swift; sourceTree = "<group>"; };
		33558B93250267D5003C4C99 /* SceneDelegate.swift */ = {isa = PBXFileReference; lastKnownFileType = sourcecode.swift; path = SceneDelegate.swift; sourceTree = "<group>"; };
		33558B95250267D5003C4C99 /* ViewController.swift */ = {isa = PBXFileReference; lastKnownFileType = sourcecode.swift; path = ViewController.swift; sourceTree = "<group>"; };
		33558B98250267D5003C4C99 /* Base */ = {isa = PBXFileReference; lastKnownFileType = file.storyboard; name = Base; path = Base.lproj/Main.storyboard; sourceTree = "<group>"; };
		33558B9B250267D5003C4C99 /* armutProject.xcdatamodel */ = {isa = PBXFileReference; lastKnownFileType = wrapper.xcdatamodel; path = armutProject.xcdatamodel; sourceTree = "<group>"; };
		33558B9D250267D6003C4C99 /* Assets.xcassets */ = {isa = PBXFileReference; lastKnownFileType = folder.assetcatalog; path = Assets.xcassets; sourceTree = "<group>"; };
		33558BA0250267D6003C4C99 /* Base */ = {isa = PBXFileReference; lastKnownFileType = file.storyboard; name = Base; path = Base.lproj/LaunchScreen.storyboard; sourceTree = "<group>"; };
		33558BA2250267D6003C4C99 /* Info.plist */ = {isa = PBXFileReference; lastKnownFileType = text.plist.xml; path = Info.plist; sourceTree = "<group>"; };
		33633BBA250397BE006A76D9 /* TrendingModal.swift */ = {isa = PBXFileReference; lastKnownFileType = sourcecode.swift; path = TrendingModal.swift; sourceTree = "<group>"; };
		33633BBC250397EC006A76D9 /* TrendingPostCell.swift */ = {isa = PBXFileReference; lastKnownFileType = sourcecode.swift; path = TrendingPostCell.swift; sourceTree = "<group>"; };
		338F0F6925026F640069E4DB /* PostService.swift */ = {isa = PBXFileReference; lastKnownFileType = sourcecode.swift; path = PostService.swift; sourceTree = "<group>"; };
		338F0F6B250279D20069E4DB /* FeedController.swift */ = {isa = PBXFileReference; lastKnownFileType = sourcecode.swift; path = FeedController.swift; sourceTree = "<group>"; };
		338F0F6E2502B1F10069E4DB /* MainTabController.swift */ = {isa = PBXFileReference; lastKnownFileType = sourcecode.swift; path = MainTabController.swift; sourceTree = "<group>"; };
		338F0F702502B5070069E4DB /* JobsController.swift */ = {isa = PBXFileReference; lastKnownFileType = sourcecode.swift; path = JobsController.swift; sourceTree = "<group>"; };
		338F0F722502B54B0069E4DB /* NotificationsController.swift */ = {isa = PBXFileReference; lastKnownFileType = sourcecode.swift; path = NotificationsController.swift; sourceTree = "<group>"; };
		338F0F742502B55B0069E4DB /* ProfileController.swift */ = {isa = PBXFileReference; lastKnownFileType = sourcecode.swift; path = ProfileController.swift; sourceTree = "<group>"; };
		338F0F762502C0070069E4DB /* PostController.swift */ = {isa = PBXFileReference; lastKnownFileType = sourcecode.swift; path = PostController.swift; sourceTree = "<group>"; };
		33FD91912505776600F6D5E9 /* PostModal.swift */ = {isa = PBXFileReference; lastKnownFileType = sourcecode.swift; path = PostModal.swift; sourceTree = "<group>"; };
		9BFEDE98BB684F6827594468 /* Pods_armutProject.framework */ = {isa = PBXFileReference; explicitFileType = wrapper.framework; includeInIndex = 0; path = Pods_armutProject.framework; sourceTree = BUILT_PRODUCTS_DIR; };
		AD8A0635817C6BF1AFF0FF02 /* Pods-armutProject.debug.xcconfig */ = {isa = PBXFileReference; includeInIndex = 1; lastKnownFileType = text.xcconfig; name = "Pods-armutProject.debug.xcconfig"; path = "Target Support Files/Pods-armutProject/Pods-armutProject.debug.xcconfig"; sourceTree = "<group>"; };
/* End PBXFileReference section */

/* Begin PBXFrameworksBuildPhase section */
		33558B8B250267D5003C4C99 /* Frameworks */ = {
			isa = PBXFrameworksBuildPhase;
			buildActionMask = 2147483647;
			files = (
				BAE17E60495E9DCD93FE2D76 /* Pods_armutProject.framework in Frameworks */,
			);
			runOnlyForDeploymentPostprocessing = 0;
		};
/* End PBXFrameworksBuildPhase section */

/* Begin PBXGroup section */
		330974FD250384B300C502BB /* Utils */ = {
			isa = PBXGroup;
			children = (
				330974FE2503854500C502BB /* Extensions.swift */,
			);
			path = Utils;
			sourceTree = "<group>";
		};
		33558B85250267D5003C4C99 = {
			isa = PBXGroup;
			children = (
				33558B90250267D5003C4C99 /* armutProject */,
				330974FD250384B300C502BB /* Utils */,
				33558B8F250267D5003C4C99 /* Products */,
				DE1992EFD6271E0A7CC3E9FF /* Pods */,
				D82D2C8FD0A6EE6059F0047B /* Frameworks */,
			);
			sourceTree = "<group>";
		};
		33558B8F250267D5003C4C99 /* Products */ = {
			isa = PBXGroup;
			children = (
				33558B8E250267D5003C4C99 /* armutProject.app */,
			);
			name = Products;
			sourceTree = "<group>";
		};
		33558B90250267D5003C4C99 /* armutProject */ = {
			isa = PBXGroup;
			children = (
				338F0F6725026F100069E4DB /* View */,
				338F0F6625026F090069E4DB /* Modal */,
				338F0F6525026EF10069E4DB /* Controller */,
				338F0F6825026F490069E4DB /* Api */,
				33558B91250267D5003C4C99 /* AppDelegate.swift */,
				33558B93250267D5003C4C99 /* SceneDelegate.swift */,
				33558B95250267D5003C4C99 /* ViewController.swift */,
				33558B97250267D5003C4C99 /* Main.storyboard */,
				33558B9D250267D6003C4C99 /* Assets.xcassets */,
				33558B9F250267D6003C4C99 /* LaunchScreen.storyboard */,
				33558BA2250267D6003C4C99 /* Info.plist */,
				33558B9A250267D5003C4C99 /* armutProject.xcdatamodeld */,
			);
			path = armutProject;
			sourceTree = "<group>";
		};
		338F0F6525026EF10069E4DB /* Controller */ = {
			isa = PBXGroup;
			children = (
				338F0F6B250279D20069E4DB /* FeedController.swift */,
				338F0F6E2502B1F10069E4DB /* MainTabController.swift */,
				338F0F702502B5070069E4DB /* JobsController.swift */,
				338F0F722502B54B0069E4DB /* NotificationsController.swift */,
				338F0F742502B55B0069E4DB /* ProfileController.swift */,
				338F0F762502C0070069E4DB /* PostController.swift */,
			);
			path = Controller;
			sourceTree = "<group>";
		};
		338F0F6625026F090069E4DB /* Modal */ = {
			isa = PBXGroup;
			children = (
				33633BBA250397BE006A76D9 /* TrendingModal.swift */,
				33FD91912505776600F6D5E9 /* PostModal.swift */,
			);
			path = Modal;
			sourceTree = "<group>";
		};
		338F0F6725026F100069E4DB /* View */ = {
			isa = PBXGroup;
			children = (
				33633BBC250397EC006A76D9 /* TrendingPostCell.swift */,
				330227642503B15600D21710 /* CategoryPostCell.swift */,
				330227662503B1B700D21710 /* BlogPostCell.swift */,
			);
			path = View;
			sourceTree = "<group>";
		};
		338F0F6825026F490069E4DB /* Api */ = {
			isa = PBXGroup;
			children = (
				338F0F6925026F640069E4DB /* PostService.swift */,
			);
			path = Api;
			sourceTree = "<group>";
		};
		D82D2C8FD0A6EE6059F0047B /* Frameworks */ = {
			isa = PBXGroup;
			children = (
				9BFEDE98BB684F6827594468 /* Pods_armutProject.framework */,
			);
			name = Frameworks;
			sourceTree = "<group>";
		};
		DE1992EFD6271E0A7CC3E9FF /* Pods */ = {
			isa = PBXGroup;
			children = (
				AD8A0635817C6BF1AFF0FF02 /* Pods-armutProject.debug.xcconfig */,
				14D907798B94694E209F1E11 /* Pods-armutProject.release.xcconfig */,
			);
			path = Pods;
			sourceTree = "<group>";
		};
/* End PBXGroup section */

/* Begin PBXNativeTarget section */
		33558B8D250267D5003C4C99 /* armutProject */ = {
			isa = PBXNativeTarget;
			buildConfigurationList = 33558BA5250267D6003C4C99 /* Build configuration list for PBXNativeTarget "armutProject" */;
			buildPhases = (
				1B8C68F5089896751395AB3A /* [CP] Check Pods Manifest.lock */,
				33558B8A250267D5003C4C99 /* Sources */,
				33558B8B250267D5003C4C99 /* Frameworks */,
				33558B8C250267D5003C4C99 /* Resources */,
				FC20C04420C59F06CFE4348C /* [CP] Embed Pods Frameworks */,
			);
			buildRules = (
			);
			dependencies = (
			);
			name = armutProject;
			productName = armutProject;
			productReference = 33558B8E250267D5003C4C99 /* armutProject.app */;
			productType = "com.apple.product-type.application";
		};
/* End PBXNativeTarget section */

/* Begin PBXProject section */
		33558B86250267D5003C4C99 /* Project object */ = {
			isa = PBXProject;
			attributes = {
				LastSwiftUpdateCheck = 1140;
				LastUpgradeCheck = 1140;
				ORGANIZATIONNAME = "Melih ÖZDEN";
				TargetAttributes = {
					33558B8D250267D5003C4C99 = {
						CreatedOnToolsVersion = 11.4.1;
					};
				};
			};
			buildConfigurationList = 33558B89250267D5003C4C99 /* Build configuration list for PBXProject "armutProject" */;
			compatibilityVersion = "Xcode 9.3";
			developmentRegion = en;
			hasScannedForEncodings = 0;
			knownRegions = (
				en,
				Base,
			);
			mainGroup = 33558B85250267D5003C4C99;
			productRefGroup = 33558B8F250267D5003C4C99 /* Products */;
			projectDirPath = "";
			projectRoot = "";
			targets = (
				33558B8D250267D5003C4C99 /* armutProject */,
			);
		};
/* End PBXProject section */

/* Begin PBXResourcesBuildPhase section */
		33558B8C250267D5003C4C99 /* Resources */ = {
			isa = PBXResourcesBuildPhase;
			buildActionMask = 2147483647;
			files = (
				33558BA1250267D6003C4C99 /* LaunchScreen.storyboard in Resources */,
				33558B9E250267D6003C4C99 /* Assets.xcassets in Resources */,
				33558B99250267D5003C4C99 /* Main.storyboard in Resources */,
			);
			runOnlyForDeploymentPostprocessing = 0;
		};
/* End PBXResourcesBuildPhase section */

/* Begin PBXShellScriptBuildPhase section */
		1B8C68F5089896751395AB3A /* [CP] Check Pods Manifest.lock */ = {
			isa = PBXShellScriptBuildPhase;
			buildActionMask = 2147483647;
			files = (
			);
			inputFileListPaths = (
			);
			inputPaths = (
				"${PODS_PODFILE_DIR_PATH}/Podfile.lock",
				"${PODS_ROOT}/Manifest.lock",
			);
			name = "[CP] Check Pods Manifest.lock";
			outputFileListPaths = (
			);
			outputPaths = (
				"$(DERIVED_FILE_DIR)/Pods-armutProject-checkManifestLockResult.txt",
			);
			runOnlyForDeploymentPostprocessing = 0;
			shellPath = /bin/sh;
			shellScript = "diff \"${PODS_PODFILE_DIR_PATH}/Podfile.lock\" \"${PODS_ROOT}/Manifest.lock\" > /dev/null\nif [ $? != 0 ] ; then\n    # print error to STDERR\n    echo \"error: The sandbox is not in sync with the Podfile.lock. Run 'pod install' or update your CocoaPods installation.\" >&2\n    exit 1\nfi\n# This output is used by Xcode 'outputs' to avoid re-running this script phase.\necho \"SUCCESS\" > \"${SCRIPT_OUTPUT_FILE_0}\"\n";
			showEnvVarsInLog = 0;
		};
		FC20C04420C59F06CFE4348C /* [CP] Embed Pods Frameworks */ = {
			isa = PBXShellScriptBuildPhase;
			buildActionMask = 2147483647;
			files = (
			);
			inputFileListPaths = (
				"${PODS_ROOT}/Target Support Files/Pods-armutProject/Pods-armutProject-frameworks-${CONFIGURATION}-input-files.xcfilelist",
			);
			name = "[CP] Embed Pods Frameworks";
			outputFileListPaths = (
				"${PODS_ROOT}/Target Support Files/Pods-armutProject/Pods-armutProject-frameworks-${CONFIGURATION}-output-files.xcfilelist",
			);
			runOnlyForDeploymentPostprocessing = 0;
			shellPath = /bin/sh;
			shellScript = "\"${PODS_ROOT}/Target Support Files/Pods-armutProject/Pods-armutProject-frameworks.sh\"\n";
			showEnvVarsInLog = 0;
		};
/* End PBXShellScriptBuildPhase section */

/* Begin PBXSourcesBuildPhase section */
		33558B8A250267D5003C4C99 /* Sources */ = {
			isa = PBXSourcesBuildPhase;
			buildActionMask = 2147483647;
			files = (
				338F0F6A25026F640069E4DB /* PostService.swift in Sources */,
				338F0F712502B5070069E4DB /* JobsController.swift in Sources */,
				338F0F6C250279D20069E4DB /* FeedController.swift in Sources */,
				338F0F732502B54B0069E4DB /* NotificationsController.swift in Sources */,
				33633BBB250397BE006A76D9 /* TrendingModal.swift in Sources */,
				338F0F772502C0070069E4DB /* PostController.swift in Sources */,
				33FD91922505776600F6D5E9 /* PostModal.swift in Sources */,
				330227652503B15600D21710 /* CategoryPostCell.swift in Sources */,
				330227672503B1B700D21710 /* BlogPostCell.swift in Sources */,
				338F0F6F2502B1F10069E4DB /* MainTabController.swift in Sources */,
				33633BBD250397EC006A76D9 /* TrendingPostCell.swift in Sources */,
				338F0F752502B55B0069E4DB /* ProfileController.swift in Sources */,
				330974FF2503854500C502BB /* Extensions.swift in Sources */,
				33558B96250267D5003C4C99 /* ViewController.swift in Sources */,
				33558B9C250267D5003C4C99 /* armutProject.xcdatamodeld in Sources */,
				33558B92250267D5003C4C99 /* AppDelegate.swift in Sources */,
				33558B94250267D5003C4C99 /* SceneDelegate.swift in Sources */,
			);
			runOnlyForDeploymentPostprocessing = 0;
		};
/* End PBXSourcesBuildPhase section */

/* Begin PBXVariantGroup section */
		33558B97250267D5003C4C99 /* Main.storyboard */ = {
			isa = PBXVariantGroup;
			children = (
				33558B98250267D5003C4C99 /* Base */,
			);
			name = Main.storyboard;
			sourceTree = "<group>";
		};
		33558B9F250267D6003C4C99 /* LaunchScreen.storyboard */ = {
			isa = PBXVariantGroup;
			children = (
				33558BA0250267D6003C4C99 /* Base */,
			);
			name = LaunchScreen.storyboard;
			sourceTree = "<group>";
		};
/* End PBXVariantGroup section */

/* Begin XCBuildConfiguration section */
		33558BA3250267D6003C4C99 /* Debug */ = {
			isa = XCBuildConfiguration;
			buildSettings = {
				ALWAYS_SEARCH_USER_PATHS = NO;
				CLANG_ANALYZER_NONNULL = YES;
				CLANG_ANALYZER_NUMBER_OBJECT_CONVERSION = YES_AGGRESSIVE;
				CLANG_CXX_LANGUAGE_STANDARD = "gnu++14";
				CLANG_CXX_LIBRARY = "libc++";
				CLANG_ENABLE_MODULES = YES;
				CLANG_ENABLE_OBJC_ARC = YES;
				CLANG_ENABLE_OBJC_WEAK = YES;
				CLANG_WARN_BLOCK_CAPTURE_AUTORELEASING = YES;
				CLANG_WARN_BOOL_CONVERSION = YES;
				CLANG_WARN_COMMA = YES;
				CLANG_WARN_CONSTANT_CONVERSION = YES;
				CLANG_WARN_DEPRECATED_OBJC_IMPLEMENTATIONS = YES;
				CLANG_WARN_DIRECT_OBJC_ISA_USAGE = YES_ERROR;
				CLANG_WARN_DOCUMENTATION_COMMENTS = YES;
				CLANG_WARN_EMPTY_BODY = YES;
				CLANG_WARN_ENUM_CONVERSION = YES;
				CLANG_WARN_INFINITE_RECURSION = YES;
				CLANG_WARN_INT_CONVERSION = YES;
				CLANG_WARN_NON_LITERAL_NULL_CONVERSION = YES;
				CLANG_WARN_OBJC_IMPLICIT_RETAIN_SELF = YES;
				CLANG_WARN_OBJC_LITERAL_CONVERSION = YES;
				CLANG_WARN_OBJC_ROOT_CLASS = YES_ERROR;
				CLANG_WARN_RANGE_LOOP_ANALYSIS = YES;
				CLANG_WARN_STRICT_PROTOTYPES = YES;
				CLANG_WARN_SUSPICIOUS_MOVE = YES;
				CLANG_WARN_UNGUARDED_AVAILABILITY = YES_AGGRESSIVE;
				CLANG_WARN_UNREACHABLE_CODE = YES;
				CLANG_WARN__DUPLICATE_METHOD_MATCH = YES;
				COPY_PHASE_STRIP = NO;
				DEBUG_INFORMATION_FORMAT = dwarf;
				ENABLE_STRICT_OBJC_MSGSEND = YES;
				ENABLE_TESTABILITY = YES;
				GCC_C_LANGUAGE_STANDARD = gnu11;
				GCC_DYNAMIC_NO_PIC = NO;
				GCC_NO_COMMON_BLOCKS = YES;
				GCC_OPTIMIZATION_LEVEL = 0;
				GCC_PREPROCESSOR_DEFINITIONS = (
					"DEBUG=1",
					"$(inherited)",
				);
				GCC_WARN_64_TO_32_BIT_CONVERSION = YES;
				GCC_WARN_ABOUT_RETURN_TYPE = YES_ERROR;
				GCC_WARN_UNDECLARED_SELECTOR = YES;
				GCC_WARN_UNINITIALIZED_AUTOS = YES_AGGRESSIVE;
				GCC_WARN_UNUSED_FUNCTION = YES;
				GCC_WARN_UNUSED_VARIABLE = YES;
				IPHONEOS_DEPLOYMENT_TARGET = 13.4;
				MTL_ENABLE_DEBUG_INFO = INCLUDE_SOURCE;
				MTL_FAST_MATH = YES;
				ONLY_ACTIVE_ARCH = YES;
				SDKROOT = iphoneos;
				SWIFT_ACTIVE_COMPILATION_CONDITIONS = DEBUG;
				SWIFT_OPTIMIZATION_LEVEL = "-Onone";
			};
			name = Debug;
		};
		33558BA4250267D6003C4C99 /* Release */ = {
			isa = XCBuildConfiguration;
			buildSettings = {
				ALWAYS_SEARCH_USER_PATHS = NO;
				CLANG_ANALYZER_NONNULL = YES;
				CLANG_ANALYZER_NUMBER_OBJECT_CONVERSION = YES_AGGRESSIVE;
				CLANG_CXX_LANGUAGE_STANDARD = "gnu++14";
				CLANG_CXX_LIBRARY = "libc++";
				CLANG_ENABLE_MODULES = YES;
				CLANG_ENABLE_OBJC_ARC = YES;
				CLANG_ENABLE_OBJC_WEAK = YES;
				CLANG_WARN_BLOCK_CAPTURE_AUTORELEASING = YES;
				CLANG_WARN_BOOL_CONVERSION = YES;
				CLANG_WARN_COMMA = YES;
				CLANG_WARN_CONSTANT_CONVERSION = YES;
				CLANG_WARN_DEPRECATED_OBJC_IMPLEMENTATIONS = YES;
				CLANG_WARN_DIRECT_OBJC_ISA_USAGE = YES_ERROR;
				CLANG_WARN_DOCUMENTATION_COMMENTS = YES;
				CLANG_WARN_EMPTY_BODY = YES;
				CLANG_WARN_ENUM_CONVERSION = YES;
				CLANG_WARN_INFINITE_RECURSION = YES;
				CLANG_WARN_INT_CONVERSION = YES;
				CLANG_WARN_NON_LITERAL_NULL_CONVERSION = YES;
				CLANG_WARN_OBJC_IMPLICIT_RETAIN_SELF = YES;
				CLANG_WARN_OBJC_LITERAL_CONVERSION = YES;
				CLANG_WARN_OBJC_ROOT_CLASS = YES_ERROR;
				CLANG_WARN_RANGE_LOOP_ANALYSIS = YES;
				CLANG_WARN_STRICT_PROTOTYPES = YES;
				CLANG_WARN_SUSPICIOUS_MOVE = YES;
				CLANG_WARN_UNGUARDED_AVAILABILITY = YES_AGGRESSIVE;
				CLANG_WARN_UNREACHABLE_CODE = YES;
				CLANG_WARN__DUPLICATE_METHOD_MATCH = YES;
				COPY_PHASE_STRIP = NO;
				DEBUG_INFORMATION_FORMAT = "dwarf-with-dsym";
				ENABLE_NS_ASSERTIONS = NO;
				ENABLE_STRICT_OBJC_MSGSEND = YES;
				GCC_C_LANGUAGE_STANDARD = gnu11;
				GCC_NO_COMMON_BLOCKS = YES;
				GCC_WARN_64_TO_32_BIT_CONVERSION = YES;
				GCC_WARN_ABOUT_RETURN_TYPE = YES_ERROR;
				GCC_WARN_UNDECLARED_SELECTOR = YES;
				GCC_WARN_UNINITIALIZED_AUTOS = YES_AGGRESSIVE;
				GCC_WARN_UNUSED_FUNCTION = YES;
				GCC_WARN_UNUSED_VARIABLE = YES;
				IPHONEOS_DEPLOYMENT_TARGET = 13.4;
				MTL_ENABLE_DEBUG_INFO = NO;
				MTL_FAST_MATH = YES;
				SDKROOT = iphoneos;
				SWIFT_COMPILATION_MODE = wholemodule;
				SWIFT_OPTIMIZATION_LEVEL = "-O";
				VALIDATE_PRODUCT = YES;
			};
			name = Release;
		};
		33558BA6250267D6003C4C99 /* Debug */ = {
			isa = XCBuildConfiguration;
			baseConfigurationReference = AD8A0635817C6BF1AFF0FF02 /* Pods-armutProject.debug.xcconfig */;
			buildSettings = {
				ASSETCATALOG_COMPILER_APPICON_NAME = AppIcon;
				CODE_SIGN_STYLE = Automatic;
				DEVELOPMENT_TEAM = GPM9F4663J;
				INFOPLIST_FILE = armutProject/Info.plist;
				LD_RUNPATH_SEARCH_PATHS = (
					"$(inherited)",
					"@executable_path/Frameworks",
				);
				PRODUCT_BUNDLE_IDENTIFIER = melihozden.armutProject;
				PRODUCT_NAME = "$(TARGET_NAME)";
				SWIFT_VERSION = 5.0;
				TARGETED_DEVICE_FAMILY = "1,2";
			};
			name = Debug;
		};
		33558BA7250267D6003C4C99 /* Release */ = {
			isa = XCBuildConfiguration;
			baseConfigurationReference = 14D907798B94694E209F1E11 /* Pods-armutProject.release.xcconfig */;
			buildSettings = {
				ASSETCATALOG_COMPILER_APPICON_NAME = AppIcon;
				CODE_SIGN_STYLE = Automatic;
				DEVELOPMENT_TEAM = GPM9F4663J;
				INFOPLIST_FILE = armutProject/Info.plist;
				LD_RUNPATH_SEARCH_PATHS = (
					"$(inherited)",
					"@executable_path/Frameworks",
				);
				PRODUCT_BUNDLE_IDENTIFIER = melihozden.armutProject;
				PRODUCT_NAME = "$(TARGET_NAME)";
				SWIFT_VERSION = 5.0;
				TARGETED_DEVICE_FAMILY = "1,2";
			};
			name = Release;
		};
/* End XCBuildConfiguration section */

/* Begin XCConfigurationList section */
		33558B89250267D5003C4C99 /* Build configuration list for PBXProject "armutProject" */ = {
			isa = XCConfigurationList;
			buildConfigurations = (
				33558BA3250267D6003C4C99 /* Debug */,
				33558BA4250267D6003C4C99 /* Release */,
			);
			defaultConfigurationIsVisible = 0;
			defaultConfigurationName = Release;
		};
		33558BA5250267D6003C4C99 /* Build configuration list for PBXNativeTarget "armutProject" */ = {
			isa = XCConfigurationList;
			buildConfigurations = (
				33558BA6250267D6003C4C99 /* Debug */,
				33558BA7250267D6003C4C99 /* Release */,
			);
			defaultConfigurationIsVisible = 0;
			defaultConfigurationName = Release;
		};
/* End XCConfigurationList section */

/* Begin XCVersionGroup section */
		33558B9A250267D5003C4C99 /* armutProject.xcdatamodeld */ = {
			isa = XCVersionGroup;
			children = (
				33558B9B250267D5003C4C99 /* armutProject.xcdatamodel */,
			);
			currentVersion = 33558B9B250267D5003C4C99 /* armutProject.xcdatamodel */;
			path = armutProject.xcdatamodeld;
			sourceTree = "<group>";
			versionGroupType = wrapper.xcdatamodel;
		};
/* End XCVersionGroup section */
	};
	rootObject = 33558B86250267D5003C4C99 /* Project object */;
}
